{
  "name": "klicklocal-webanalyze-agent",
  "version": "1.0.0",
  "lockfileVersion": 3,
  "requires": true,
  "packages": {
    "": {
      "name": "klicklocal-webanalyze-agent",
      "version": "1.0.0",
      "dependencies": {
        "@anthropic-ai/claude-agent-sdk": "^0.3.175"
      }
    },
    "node_modules/@anthropic-ai/claude-agent-sdk": {
      "version": "0.3.175",
      "resolved": "https://registry.npmjs.org/@anthropic-ai/claude-agent-sdk/-/claude-agent-sdk-0.3.175.tgz",
      "integrity": "sha512-RAuqHadT+JJqkUC0DsOHIivxTbe1+5Zu02SfIeJoxF1fNS/wazDCVGCmIMPQIRZ+d6HedV047tH7oYhRc2D1bQ==",
      "license": "SEE LICENSE IN README.md",
      "engines": {
        "node": ">=18.0.0"
      },
      "optionalDependencies": {
        "@anthropic-ai/claude-agent-sdk-darwin-arm64": "0.3.175",
        "@anthropic-ai/claude-agent-sdk-darwin-x64": "0.3.175",
        "@anthropic-ai/claude-agent-sdk-linux-arm64": "0.3.175",
        "@anthropic-ai/claude-agent-sdk-linux-arm64-musl": "0.3.175",
        "@anthropic-ai/claude-agent-sdk-linux-x64": "0.3.175",
        "@anthropic-ai/claude-agent-sdk-linux-x64-musl": "0.3.175",
        "@anthropic-ai/claude-agent-sdk-win32-arm64": "0.3.175",
        "@anthropic-ai/claude-agent-sdk-win32-x64": "0.3.175"
      },
      "peerDependencies": {
        "@anthropic-ai/sdk": ">=0.93.0",
        "@modelcontextprotocol/sdk": "^1.29.0",
        "zod": "^4.0.0"
      }
    },
    "node_modules/@anthropic-ai/claude-agent-sdk-darwin-arm64": {
      "version": "0.3.175",
      "resolved": "https://registry.npmjs.org/@anthropic-ai/claude-agent-sdk-darwin-arm64/-/claude-agent-sdk-darwin-arm64-0.3.175.tgz",
      "integrity": "sha512-ud/25HB7esWldzXwGaa+gK8/+A1dZf6yJ5HCKCJN7BMFFJdbCe28pwCwoh9zE+5imNSuXtlqSRDMuxa2fPsYGw==",
      "cpu": [
        "arm64"
      ],
      "license": "SEE LICENSE IN LICENSE.md",
      "optional": true,
      "os": [
        "darwin"
      ]
    },
    "node_modules/@anthropic-ai/claude-agent-sdk-darwin-x64": {
      "version": "0.3.175",
      "resolved": "https://registry.npmjs.org/@anthropic-ai/claude-agent-sdk-darwin-x64/-/claude-agent-sdk-darwin-x64-0.3.175.tgz",
      "integrity": "sha512-QLd1FCTtLb0peWqIIf/FTNQI/pSn/kFdy+SuxFbodPaHB0gehDhoFZ6ADm2HLS83tWxqGQAa0G5cHstkiuDzNQ==",
      "cpu": [
        "x64"
      ],
      "license": "SEE LICENSE IN LICENSE.md",
      "optional": true,
      "os": [
        "darwin"
      ]
    },
    "node_modules/@anthropic-ai/claude-agent-sdk-linux-arm64": {
      "version": "0.3.175",
      "resolved": "https://registry.npmjs.org/@anthropic-ai/claude-agent-sdk-linux-arm64/-/claude-agent-sdk-linux-arm64-0.3.175.tgz",
      "integrity": "sha512-mvCJ37aecg2dfzS8XZbwOfcmA45RFXUZwN84nXiKMnZFazZ6hn7daMmHlCXSp9zV0NpxbizLIb6SmmHgjefHzg==",
      "cpu": [
        "arm64"
      ],
      "license": "SEE LICENSE IN LICENSE.md",
      "optional": true,
      "os": [
        "linux"
      ]
    },
    "node_modules/@anthropic-ai/claude-agent-sdk-linux-arm64-musl": {
      "version": "0.3.175",
      "resolved": "https://registry.npmjs.org/@anthropic-ai/claude-agent-sdk-linux-arm64-musl/-/claude-agent-sdk-linux-arm64-musl-0.3.175.tgz",
      "integrity": "sha512-2FKNFy6JxIgYXitZ7ARO5wxQWHdDhmw3O+RkuohshPQ+10n5Zf0CpX7Lx2Vq2vz0DFRCiY9cYiPHf8hAI7ZWWg==",
      "cpu": [
        "arm64"
      ],
      "license": "SEE LICENSE IN LICENSE.md",
      "optional": true,
      "os": [
        "linux"
      ]
    },
    "node_modules/@anthropic-ai/claude-agent-sdk-linux-x64": {
      "version": "0.3.175",
      "resolved": "https://registry.npmjs.org/@anthropic-ai/claude-agent-sdk-linux-x64/-/claude-agent-sdk-linux-x64-0.3.175.tgz",
      "integrity": "sha512-vymQcmn39+BQ8JYwUrafPqgxbpMFBGLfV7PPIxQSsi3z4iBwciW4csb7KwpRaehODa3sD69HruAFpOUkJfMkzA==",
      "cpu": [
        "x64"
      ],
      "license": "SEE LICENSE IN LICENSE.md",
      "optional": true,
      "os": [
        "linux"
      ]
    },
    "node_modules/@anthropic-ai/claude-agent-sdk-linux-x64-musl": {
      "version": "0.3.175",
      "resolved": "https://registry.npmjs.org/@anthropic-ai/claude-agent-sdk-linux-x64-musl/-/claude-agent-sdk-linux-x64-musl-0.3.175.tgz",
      "integrity": "sha512-4YUpjcLbDqTYIuvb7gLWVRM3J9CiTisuiEMnckv8lrBWhj5AN0ULLG5pWTOxw4Pzsbja5pAdf9UMqzsKFiukUw==",
      "cpu": [
        "x64"
      ],
      "license": "SEE LICENSE IN LICENSE.md",
      "optional": true,
      "os": [
        "linux"
      ]
    },
    "node_modules/@anthropic-ai/claude-agent-sdk-win32-arm64": {
      "version": "0.3.175",
      "resolved": "https://registry.npmjs.org/@anthropic-ai/claude-agent-sdk-win32-arm64/-/claude-agent-sdk-win32-arm64-0.3.175.tgz",
      "integrity": "sha512-PwiduMKtisfEQRH8KP6bQ7T+XTC1yNFutrN3v1wQS7BuNTm2bPdXFkW97++OcjW5H4RgdVibIzQZ1V12Hcy4EA==",
      "cpu": [
        "arm64"
      ],
      "license": "SEE LICENSE IN LICENSE.md",
      "optional": true,
      "os": [
        "win32"
      ]
    },
    "node_modules/@anthropic-ai/claude-agent-sdk-win32-x64": {
      "version": "0.3.175",
      "resolved": "https://registry.npmjs.org/@anthropic-ai/claude-agent-sdk-win32-x64/-/claude-agent-sdk-win32-x64-0.3.175.tgz",
      "integrity": "sha512-II4yfIrKCrscig918R6hEOvqEejX56nH8+NI9KvGY47g0rZnPgGgXZCQrRC5ZgRihqNiwF1i6faJxvmmOEx5Rw==",
      "cpu": [
        "x64"
      ],
      "license": "SEE LICENSE IN LICENSE.md",
      "optional": true,
      "os": [
        "win32"
      ]
    }
  }
}
